
Microsoft Visual Studio Solution File, Format Version 12.00
# Visual Studio Version 16
VisualStudioVersion = 16.0.31112.23
MinimumVisualStudioVersion = 10.0.40219.1
Project("{FAE04EC0-301F-11D3-BF4B-00C04F79EFBC}") = "TrackReader", "src\TrackReader\TrackReader.csproj", "{68D2B8BD-0DA7-4095-8299-AA699E95A8F3}"
EndProject
Project("{2150E333-8FDC-42A3-9474-1A3956D46DE8}") = "Solution Items", "Solution Items", "{4A5ECE41-D824-4D36-8ED3-B6A02B986BC3}"
ProjectSection(SolutionItems) = preProject
	.gitignore = .gitignore
	changelog.md = changelog.md
	Directory.Build.props = Directory.Build.props
	example_tracks.csv = example_tracks.csv
	example_tracks.tsv = example_tracks.tsv
	README.md = README.md
	version.json = version.json
EndProjectSection
EndProject
Global
	GlobalSection(SolutionConfigurationPlatforms) = preSolution
		Debug|Any CPU = Debug|Any CPU
		Release|Any CPU = Release|Any CPU
	EndGlobalSection
	GlobalSection(ProjectConfigurationPlatforms) = postSolution
		{68D2B8BD-0DA7-4095-8299-AA699E95A8F3}.Debug|Any CPU.ActiveCfg = Debug|Any CPU
		{68D2B8BD-0DA7-4095-8299-AA699E95A8F3}.Debug|Any CPU.Build.0 = Debug|Any CPU
		{68D2B8BD-0DA7-4095-8299-AA699E95A8F3}.Release|Any CPU.ActiveCfg = Release|Any CPU
		{68D2B8BD-0DA7-4095-8299-AA699E95A8F3}.Release|Any CPU.Build.0 = Release|Any CPU
	EndGlobalSection
	GlobalSection(SolutionProperties) = preSolution
		HideSolutionNode = FALSE
	EndGlobalSection
	GlobalSection(ExtensibilityGlobals) = postSolution
		SolutionGuid = {0AB44475-0C54-4603-9F62-59F39FF85D4D}
	EndGlobalSection
EndGlobal
